// !$*UTF8*$!
{
	archiveVersion = 1;
	classes = {
	};
	objectVersion = 46;
	objects = {

/* Begin PBXBuildFile section */
		183010581EBF9B070036BA93 /* MyButton.m in Sources */ = {isa = PBXBuildFile; fileRef = 183010571EBF9B070036BA93 /* MyButton.m */; };
		1830105C1EBF9FB50036BA93 /* GestureController.m in Sources */ = {isa = PBXBuildFile; fileRef = 1830105B1EBF9FB50036BA93 /* GestureController.m */; };
		183010601EBFA2C60036BA93 /* GestureView.m in Sources */ = {isa = PBXBuildFile; fileRef = 1830105F1EBFA2C60036BA93 /* GestureView.m */; };
		186A06601EB668510072A1FD /* WaterLevel.m in Sources */ = {isa = PBXBuildFile; fileRef = 186A065F1EB668510072A1FD /* WaterLevel.m */; };
		186A06631EB7D4EF0072A1FD /* GraphViewController.m in Sources */ = {isa = PBXBuildFile; fileRef = 186A06621EB7D4EF0072A1FD /* GraphViewController.m */; };
		18B14A7B1EA5C521005DACCC /* main.m in Sources */ = {isa = PBXBuildFile; fileRef = 18B14A7A1EA5C521005DACCC /* main.m */; };
		18B14A7E1EA5C521005DACCC /* AppDelegate.m in Sources */ = {isa = PBXBuildFile; fileRef = 18B14A7D1EA5C521005DACCC /* AppDelegate.m */; };
		18B14A811EA5C521005DACCC /* ViewController.m in Sources */ = {isa = PBXBuildFile; fileRef = 18B14A801EA5C521005DACCC /* ViewController.m */; };
		18B14A841EA5C521005DACCC /* Main.storyboard in Resources */ = {isa = PBXBuildFile; fileRef = 18B14A821EA5C521005DACCC /* Main.storyboard */; };
		18B14A861EA5C521005DACCC /* Assets.xcassets in Resources */ = {isa = PBXBuildFile; fileRef = 18B14A851EA5C521005DACCC /* Assets.xcassets */; };
		18B14A891EA5C521005DACCC /* LaunchScreen.storyboard in Resources */ = {isa = PBXBuildFile; fileRef = 18B14A871EA5C521005DACCC /* LaunchScreen.storyboard */; };
		18B14A921EA5C60E005DACCC /* MyGraphView.m in Sources */ = {isa = PBXBuildFile; fileRef = 18B14A911EA5C60E005DACCC /* MyGraphView.m */; };
/* End PBXBuildFile section */

/* Begin PBXFileReference section */
		183010561EBF9B070036BA93 /* MyButton.h */ = {isa = PBXFileReference; fileEncoding = 4; lastKnownFileType = sourcecode.c.h; path = MyButton.h; sourceTree = "<group>"; };
		183010571EBF9B070036BA93 /* MyButton.m */ = {isa = PBXFileReference; fileEncoding = 4; lastKnownFileType = sourcecode.c.objc; path = MyButton.m; sourceTree = "<group>"; };
		1830105A1EBF9FB50036BA93 /* GestureController.h */ = {isa = PBXFileReference; fileEncoding = 4; lastKnownFileType = sourcecode.c.h; path = GestureController.h; sourceTree = "<group>"; };
		1830105B1EBF9FB50036BA93 /* GestureController.m */ = {isa = PBXFileReference; fileEncoding = 4; lastKnownFileType = sourcecode.c.objc; path = GestureController.m; sourceTree = "<group>"; };
		1830105E1EBFA2C60036BA93 /* GestureView.h */ = {isa = PBXFileReference; fileEncoding = 4; lastKnownFileType = sourcecode.c.h; path = GestureView.h; sourceTree = "<group>"; };
		1830105F1EBFA2C60036BA93 /* GestureView.m */ = {isa = PBXFileReference; fileEncoding = 4; lastKnownFileType = sourcecode.c.objc; path = GestureView.m; sourceTree = "<group>"; };
		186A065E1EB668510072A1FD /* WaterLevel.h */ = {isa = PBXFileReference; fileEncoding = 4; lastKnownFileType = sourcecode.c.h; path = WaterLevel.h; sourceTree = "<group>"; };
		186A065F1EB668510072A1FD /* WaterLevel.m */ = {isa = PBXFileReference; fileEncoding = 4; lastKnownFileType = sourcecode.c.objc; path = WaterLevel.m; sourceTree = "<group>"; };
		186A06611EB7D4EF0072A1FD /* GraphViewController.h */ = {isa = PBXFileReference; fileEncoding = 4; lastKnownFileType = sourcecode.c.h; path = GraphViewController.h; sourceTree = "<group>"; };
		186A06621EB7D4EF0072A1FD /* GraphViewController.m */ = {isa = PBXFileReference; fileEncoding = 4; lastKnownFileType = sourcecode.c.objc; path = GraphViewController.m; sourceTree = "<group>"; };
		18B14A761EA5C521005DACCC /* GestureAndGraph.app */ = {isa = PBXFileReference; explicitFileType = wrapper.application; includeInIndex = 0; path = GestureAndGraph.app; sourceTree = BUILT_PRODUCTS_DIR; };
		18B14A7A1EA5C521005DACCC /* main.m */ = {isa = PBXFileReference; lastKnownFileType = sourcecode.c.objc; path = main.m; sourceTree = "<group>"; };
		18B14A7C1EA5C521005DACCC /* AppDelegate.h */ = {isa = PBXFileReference; lastKnownFileType = sourcecode.c.h; path = AppDelegate.h; sourceTree = "<group>"; };
		18B14A7D1EA5C521005DACCC /* AppDelegate.m */ = {isa = PBXFileReference; lastKnownFileType = sourcecode.c.objc; path = AppDelegate.m; sourceTree = "<group>"; };
		18B14A7F1EA5C521005DACCC /* ViewController.h */ = {isa = PBXFileReference; lastKnownFileType = sourcecode.c.h; path = ViewController.h; sourceTree = "<group>"; };
		18B14A801EA5C521005DACCC /* ViewController.m */ = {isa = PBXFileReference; lastKnownFileType = sourcecode.c.objc; path = ViewController.m; sourceTree = "<group>"; };
		18B14A831EA5C521005DACCC /* Base */ = {isa = PBXFileReference; lastKnownFileType = file.storyboard; name = Base; path = Base.lproj/Main.storyboard; sourceTree = "<group>"; };
		18B14A851EA5C521005DACCC /* Assets.xcassets */ = {isa = PBXFileReference; lastKnownFileType = folder.assetcatalog; path = Assets.xcassets; sourceTree = "<group>"; };
		18B14A881EA5C521005DACCC /* Base */ = {isa = PBXFileReference; lastKnownFileType = file.storyboard; name = Base; path = Base.lproj/LaunchScreen.storyboard; sourceTree = "<group>"; };
		18B14A8A1EA5C521005DACCC /* Info.plist */ = {isa = PBXFileReference; lastKnownFileType = text.plist.xml; path = Info.plist; sourceTree = "<group>"; };
		18B14A901EA5C60E005DACCC /* MyGraphView.h */ = {isa = PBXFileReference; fileEncoding = 4; lastKnownFileType = sourcecode.c.h; name = MyGraphView.h; path = ../MyGraphView.h; sourceTree = "<group>"; };
		18B14A911EA5C60E005DACCC /* MyGraphView.m */ = {isa = PBXFileReference; fileEncoding = 4; lastKnownFileType = sourcecode.c.objc; name = MyGraphView.m; path = ../MyGraphView.m; sourceTree = "<group>"; };
/* End PBXFileReference section */

/* Begin PBXFrameworksBuildPhase section */
		18B14A731EA5C520005DACCC /* Frameworks */ = {
			isa = PBXFrameworksBuildPhase;
			buildActionMask = 2147483647;
			files = (
			);
			runOnlyForDeploymentPostprocessing = 0;
		};
/* End PBXFrameworksBuildPhase section */

/* Begin PBXGroup section */
		183010591EBF9F7A0036BA93 /* Controllers */ = {
			isa = PBXGroup;
			children = (
				18B14A7F1EA5C521005DACCC /* ViewController.h */,
				18B14A801EA5C521005DACCC /* ViewController.m */,
				186A06611EB7D4EF0072A1FD /* GraphViewController.h */,
				186A06621EB7D4EF0072A1FD /* GraphViewController.m */,
				1830105A1EBF9FB50036BA93 /* GestureController.h */,
				1830105B1EBF9FB50036BA93 /* GestureController.m */,
			);
			name = Controllers;
			sourceTree = "<group>";
		};
		1830105D1EBF9FC00036BA93 /* Custom UIViews */ = {
			isa = PBXGroup;
			children = (
				18B14A901EA5C60E005DACCC /* MyGraphView.h */,
				18B14A911EA5C60E005DACCC /* MyGraphView.m */,
				186A065E1EB668510072A1FD /* WaterLevel.h */,
				186A065F1EB668510072A1FD /* WaterLevel.m */,
				183010561EBF9B070036BA93 /* MyButton.h */,
				183010571EBF9B070036BA93 /* MyButton.m */,
				1830105E1EBFA2C60036BA93 /* GestureView.h */,
				1830105F1EBFA2C60036BA93 /* GestureView.m */,
			);
			name = "Custom UIViews";
			sourceTree = "<group>";
		};
		18B14A6D1EA5C520005DACCC = {
			isa = PBXGroup;
			children = (
				18B14A781EA5C521005DACCC /* GestureAndGraph */,
				18B14A771EA5C521005DACCC /* Products */,
			);
			sourceTree = "<group>";
		};
		18B14A771EA5C521005DACCC /* Products */ = {
			isa = PBXGroup;
			children = (
				18B14A761EA5C521005DACCC /* GestureAndGraph.app */,
			);
			name = Products;
			sourceTree = "<group>";
		};
		18B14A781EA5C521005DACCC /* GestureAndGraph */ = {
			isa = PBXGroup;
			children = (
				1830105D1EBF9FC00036BA93 /* Custom UIViews */,
				183010591EBF9F7A0036BA93 /* Controllers */,
				18B14A7C1EA5C521005DACCC /* AppDelegate.h */,
				18B14A7D1EA5C521005DACCC /* AppDelegate.m */,
				18B14A821EA5C521005DACCC /* Main.storyboard */,
				18B14A851EA5C521005DACCC /* Assets.xcassets */,
				18B14A871EA5C521005DACCC /* LaunchScreen.storyboard */,
				18B14A8A1EA5C521005DACCC /* Info.plist */,
				18B14A791EA5C521005DACCC /* Supporting Files */,
			);
			path = GestureAndGraph;
			sourceTree = "<group>";
		};
		18B14A791EA5C521005DACCC /* Supporting Files */ = {
			isa = PBXGroup;
			children = (
				18B14A7A1EA5C521005DACCC /* main.m */,
			);
			name = "Supporting Files";
			sourceTree = "<group>";
		};
/* End PBXGroup section */

/* Begin PBXNativeTarget section */
		18B14A751EA5C520005DACCC /* GestureAndGraph */ = {
			isa = PBXNativeTarget;
			buildConfigurationList = 18B14A8D1EA5C521005DACCC /* Build configuration list for PBXNativeTarget "GestureAndGraph" */;
			buildPhases = (
				18B14A721EA5C520005DACCC /* Sources */,
				18B14A731EA5C520005DACCC /* Frameworks */,
				18B14A741EA5C520005DACCC /* Resources */,
			);
			buildRules = (
			);
			dependencies = (
			);
			name = GestureAndGraph;
			productName = GestureAndGraph;
			productReference = 18B14A761EA5C521005DACCC /* GestureAndGraph.app */;
			productType = "com.apple.product-type.application";
		};
/* End PBXNativeTarget section */

/* Begin PBXProject section */
		18B14A6E1EA5C520005DACCC /* Project object */ = {
			isa = PBXProject;
			attributes = {
				LastUpgradeCheck = 0800;
				ORGANIZATIONNAME = "ComarPers 922";
				TargetAttributes = {
					18B14A751EA5C520005DACCC = {
						CreatedOnToolsVersion = 8.0;
						ProvisioningStyle = Automatic;
					};
				};
			};
			buildConfigurationList = 18B14A711EA5C520005DACCC /* Build configuration list for PBXProject "GestureAndGraph" */;
			compatibilityVersion = "Xcode 3.2";
			developmentRegion = English;
			hasScannedForEncodings = 0;
			knownRegions = (
				en,
				Base,
			);
			mainGroup = 18B14A6D1EA5C520005DACCC;
			productRefGroup = 18B14A771EA5C521005DACCC /* Products */;
			projectDirPath = "";
			projectRoot = "";
			targets = (
				18B14A751EA5C520005DACCC /* GestureAndGraph */,
			);
		};
/* End PBXProject section */

/* Begin PBXResourcesBuildPhase section */
		18B14A741EA5C520005DACCC /* Resources */ = {
			isa = PBXResourcesBuildPhase;
			buildActionMask = 2147483647;
			files = (
				18B14A891EA5C521005DACCC /* LaunchScreen.storyboard in Resources */,
				18B14A861EA5C521005DACCC /* Assets.xcassets in Resources */,
				18B14A841EA5C521005DACCC /* Main.storyboard in Resources */,
			);
			runOnlyForDeploymentPostprocessing = 0;
		};
/* End PBXResourcesBuildPhase section */

/* Begin PBXSourcesBuildPhase section */
		18B14A721EA5C520005DACCC /* Sources */ = {
			isa = PBXSourcesBuildPhase;
			buildActionMask = 2147483647;
			files = (
				183010601EBFA2C60036BA93 /* GestureView.m in Sources */,
				18B14A811EA5C521005DACCC /* ViewController.m in Sources */,
				1830105C1EBF9FB50036BA93 /* GestureController.m in Sources */,
				186A06601EB668510072A1FD /* WaterLevel.m in Sources */,
				183010581EBF9B070036BA93 /* MyButton.m in Sources */,
				18B14A7E1EA5C521005DACCC /* AppDelegate.m in Sources */,
				18B14A7B1EA5C521005DACCC /* main.m in Sources */,
				18B14A921EA5C60E005DACCC /* MyGraphView.m in Sources */,
				186A06631EB7D4EF0072A1FD /* GraphViewController.m in Sources */,
			);
			runOnlyForDeploymentPostprocessing = 0;
		};
/* End PBXSourcesBuildPhase section */

/* Begin PBXVariantGroup section */
		18B14A821EA5C521005DACCC /* Main.storyboard */ = {
			isa = PBXVariantGroup;
			children = (
				18B14A831EA5C521005DACCC /* Base */,
			);
			name = Main.storyboard;
			sourceTree = "<group>";
		};
		18B14A871EA5C521005DACCC /* LaunchScreen.storyboard */ = {
			isa = PBXVariantGroup;
			children = (
				18B14A881EA5C521005DACCC /* Base */,
			);
			name = LaunchScreen.storyboard;
			sourceTree = "<group>";
		};
/* End PBXVariantGroup section */

/* Begin XCBuildConfiguration section */
		18B14A8B1EA5C521005DACCC /* Debug */ = {
			isa = XCBuildConfiguration;
			buildSettings = {
				ALWAYS_SEARCH_USER_PATHS = NO;
				CLANG_ANALYZER_NONNULL = YES;
				CLANG_CXX_LANGUAGE_STANDARD = "gnu++0x";
				CLANG_CXX_LIBRARY = "libc++";
				CLANG_ENABLE_MODULES = YES;
				CLANG_ENABLE_OBJC_ARC = YES;
				CLANG_WARN_BOOL_CONVERSION = YES;
				CLANG_WARN_CONSTANT_CONVERSION = YES;
				CLANG_WARN_DIRECT_OBJC_ISA_USAGE = YES_ERROR;
				CLANG_WARN_DOCUMENTATION_COMMENTS = YES;
				CLANG_WARN_EMPTY_BODY = YES;
				CLANG_WARN_ENUM_CONVERSION = YES;
				CLANG_WARN_INFINITE_RECURSION = YES;
				CLANG_WARN_INT_CONVERSION = YES;
				CLANG_WARN_OBJC_ROOT_CLASS = YES_ERROR;
				CLANG_WARN_SUSPICIOUS_MOVES = YES;
				CLANG_WARN_UNREACHABLE_CODE = YES;
				CLANG_WARN__DUPLICATE_METHOD_MATCH = YES;
				"CODE_SIGN_IDENTITY[sdk=iphoneos*]" = "iPhone Developer";
				COPY_PHASE_STRIP = NO;
				DEBUG_INFORMATION_FORMAT = dwarf;
				ENABLE_STRICT_OBJC_MSGSEND = YES;
				ENABLE_TESTABILITY = YES;
				GCC_C_LANGUAGE_STANDARD = gnu99;
				GCC_DYNAMIC_NO_PIC = NO;
				GCC_NO_COMMON_BLOCKS = YES;
				GCC_OPTIMIZATION_LEVEL = 0;
				GCC_PREPROCESSOR_DEFINITIONS = (
					"DEBUG=1",
					"$(inherited)",
				);
				GCC_WARN_64_TO_32_BIT_CONVERSION = YES;
				GCC_WARN_ABOUT_RETURN_TYPE = YES_ERROR;
				GCC_WARN_UNDECLARED_SELECTOR = YES;
				GCC_WARN_UNINITIALIZED_AUTOS = YES_AGGRESSIVE;
				GCC_WARN_UNUSED_FUNCTION = YES;
				GCC_WARN_UNUSED_VARIABLE = YES;
				IPHONEOS_DEPLOYMENT_TARGET = 10.0;
				MTL_ENABLE_DEBUG_INFO = YES;
				ONLY_ACTIVE_ARCH = YES;
				SDKROOT = iphoneos;
				TARGETED_DEVICE_FAMILY = "1,2";
			};
			name = Debug;
		};
		18B14A8C1EA5C521005DACCC /* Release */ = {
			isa = XCBuildConfiguration;
			buildSettings = {
				ALWAYS_SEARCH_USER_PATHS = NO;
				CLANG_ANALYZER_NONNULL = YES;
				CLANG_CXX_LANGUAGE_STANDARD = "gnu++0x";
				CLANG_CXX_LIBRARY = "libc++";
				CLANG_ENABLE_MODULES = YES;
				CLANG_ENABLE_OBJC_ARC = YES;
				CLANG_WARN_BOOL_CONVERSION = YES;
				CLANG_WARN_CONSTANT_CONVERSION = YES;
				CLANG_WARN_DIRECT_OBJC_ISA_USAGE = YES_ERROR;
				CLANG_WARN_DOCUMENTATION_COMMENTS = YES;
				CLANG_WARN_EMPTY_BODY = YES;
				CLANG_WARN_ENUM_CONVERSION = YES;
				CLANG_WARN_INFINITE_RECURSION = YES;
				CLANG_WARN_INT_CONVERSION = YES;
				CLANG_WARN_OBJC_ROOT_CLASS = YES_ERROR;
				CLANG_WARN_SUSPICIOUS_MOVES = YES;
				CLANG_WARN_UNREACHABLE_CODE = YES;
				CLANG_WARN__DUPLICATE_METHOD_MATCH = YES;
				"CODE_SIGN_IDENTITY[sdk=iphoneos*]" = "iPhone Developer";
				COPY_PHASE_STRIP = NO;
				DEBUG_INFORMATION_FORMAT = "dwarf-with-dsym";
				ENABLE_NS_ASSERTIONS = NO;
				ENABLE_STRICT_OBJC_MSGSEND = YES;
				GCC_C_LANGUAGE_STANDARD = gnu99;
				GCC_NO_COMMON_BLOCKS = YES;
				GCC_WARN_64_TO_32_BIT_CONVERSION = YES;
				GCC_WARN_ABOUT_RETURN_TYPE = YES_ERROR;
				GCC_WARN_UNDECLARED_SELECTOR = YES;
				GCC_WARN_UNINITIALIZED_AUTOS = YES_AGGRESSIVE;
				GCC_WARN_UNUSED_FUNCTION = YES;
				GCC_WARN_UNUSED_VARIABLE = YES;
				IPHONEOS_DEPLOYMENT_TARGET = 10.0;
				MTL_ENABLE_DEBUG_INFO = NO;
				SDKROOT = iphoneos;
				TARGETED_DEVICE_FAMILY = "1,2";
				VALIDATE_PRODUCT = YES;
			};
			name = Release;
		};
		18B14A8E1EA5C521005DACCC /* Debug */ = {
			isa = XCBuildConfiguration;
			buildSettings = {
				ASSETCATALOG_COMPILER_APPICON_NAME = AppIcon;
				INFOPLIST_FILE = GestureAndGraph/Info.plist;
				LD_RUNPATH_SEARCH_PATHS = "$(inherited) @executable_path/Frameworks";
				PRODUCT_BUNDLE_IDENTIFIER = net.test.GestureAndGraph;
				PRODUCT_NAME = "$(TARGET_NAME)";
			};
			name = Debug;
		};
		18B14A8F1EA5C521005DACCC /* Release */ = {
			isa = XCBuildConfiguration;
			buildSettings = {
				ASSETCATALOG_COMPILER_APPICON_NAME = AppIcon;
				INFOPLIST_FILE = GestureAndGraph/Info.plist;
				LD_RUNPATH_SEARCH_PATHS = "$(inherited) @executable_path/Frameworks";
				PRODUCT_BUNDLE_IDENTIFIER = net.test.GestureAndGraph;
				PRODUCT_NAME = "$(TARGET_NAME)";
			};
			name = Release;
		};
/* End XCBuildConfiguration section */

/* Begin XCConfigurationList section */
		18B14A711EA5C520005DACCC /* Build configuration list for PBXProject "GestureAndGraph" */ = {
			isa = XCConfigurationList;
			buildConfigurations = (
				18B14A8B1EA5C521005DACCC /* Debug */,
				18B14A8C1EA5C521005DACCC /* Release */,
			);
			defaultConfigurationIsVisible = 0;
			defaultConfigurationName = Release;
		};
		18B14A8D1EA5C521005DACCC /* Build configuration list for PBXNativeTarget "GestureAndGraph" */ = {
			isa = XCConfigurationList;
			buildConfigurations = (
				18B14A8E1EA5C521005DACCC /* Debug */,
				18B14A8F1EA5C521005DACCC /* Release */,
			);
			defaultConfigurationIsVisible = 0;
			defaultConfigurationName = Release;
		};
/* End XCConfigurationList section */
	};
	rootObject = 18B14A6E1EA5C520005DACCC /* Project object */;
}
